
Microsoft Visual Studio Solution File, Format Version 12.00
# Visual Studio Version 17
VisualStudioVersion = 17.1.32319.34
MinimumVisualStudioVersion = 10.0.40219.1
Project("{FAE04EC0-301F-11D3-BF4B-00C04F79EFBC}") = "primenum", "primenum\primenum.csproj", "{47DC62ED-6E54-46C7-9366-370B65FA420A}"
EndProject
Global
	GlobalSection(SolutionConfigurationPlatforms) = preSolution
		Debug|Any CPU = Debug|Any CPU
		Release|Any CPU = Release|Any CPU
	EndGlobalSection
	GlobalSection(ProjectConfigurationPlatforms) = postSolution
		{47DC62ED-6E54-46C7-9366-370B65FA420A}.Debug|Any CPU.ActiveCfg = Debug|Any CPU
		{47DC62ED-6E54-46C7-9366-370B65FA420A}.Debug|Any CPU.Build.0 = Debug|Any CPU
		{47DC62ED-6E54-46C7-9366-370B65FA420A}.Release|Any CPU.ActiveCfg = Release|Any CPU
		{47DC62ED-6E54-46C7-9366-370B65FA420A}.Release|Any CPU.Build.0 = Release|Any CPU
	EndGlobalSection
	GlobalSection(SolutionProperties) = preSolution
		HideSolutionNode = FALSE
	EndGlobalSection
	GlobalSection(ExtensibilityGlobals) = postSolution
		SolutionGuid = {4FC8A7F7-6E8C-4298-B5FA-1D5DDD6747B5}
	EndGlobalSection
EndGlobal
