
Microsoft Visual Studio Solution File, Format Version 12.00
# Visual Studio Version 17
VisualStudioVersion = 17.1.32319.34
MinimumVisualStudioVersion = 10.0.40219.1
Project("{FAE04EC0-301F-11D3-BF4B-00C04F79EFBC}") = "array", "array\array.csproj", "{AE3568DE-FDED-4420-993B-78CA175C0523}"
EndProject
Global
	GlobalSection(SolutionConfigurationPlatforms) = preSolution
		Debug|Any CPU = Debug|Any CPU
		Release|Any CPU = Release|Any CPU
	EndGlobalSection
	GlobalSection(ProjectConfigurationPlatforms) = postSolution
		{AE3568DE-FDED-4420-993B-78CA175C0523}.Debug|Any CPU.ActiveCfg = Debug|Any CPU
		{AE3568DE-FDED-4420-993B-78CA175C0523}.Debug|Any CPU.Build.0 = Debug|Any CPU
		{AE3568DE-FDED-4420-993B-78CA175C0523}.Release|Any CPU.ActiveCfg = Release|Any CPU
		{AE3568DE-FDED-4420-993B-78CA175C0523}.Release|Any CPU.Build.0 = Release|Any CPU
	EndGlobalSection
	GlobalSection(SolutionProperties) = preSolution
		HideSolutionNode = FALSE
	EndGlobalSection
	GlobalSection(ExtensibilityGlobals) = postSolution
		SolutionGuid = {85A7B476-FCD2-4A3E-8BAD-7C08B106D07A}
	EndGlobalSection
EndGlobal
