
Microsoft Visual Studio Solution File, Format Version 12.00
# Visual Studio Version 17
VisualStudioVersion = 17.1.32407.343
MinimumVisualStudioVersion = 10.0.40219.1
Project("{FAE04EC0-301F-11D3-BF4B-00C04F79EFBC}") = "stackdata", "stackdata\stackdata.csproj", "{106A10FC-57F1-47F0-ACDB-A88690B2DC7E}"
EndProject
Global
	GlobalSection(SolutionConfigurationPlatforms) = preSolution
		Debug|Any CPU = Debug|Any CPU
		Release|Any CPU = Release|Any CPU
	EndGlobalSection
	GlobalSection(ProjectConfigurationPlatforms) = postSolution
		{106A10FC-57F1-47F0-ACDB-A88690B2DC7E}.Debug|Any CPU.ActiveCfg = Debug|Any CPU
		{106A10FC-57F1-47F0-ACDB-A88690B2DC7E}.Debug|Any CPU.Build.0 = Debug|Any CPU
		{106A10FC-57F1-47F0-ACDB-A88690B2DC7E}.Release|Any CPU.ActiveCfg = Release|Any CPU
		{106A10FC-57F1-47F0-ACDB-A88690B2DC7E}.Release|Any CPU.Build.0 = Release|Any CPU
	EndGlobalSection
	GlobalSection(SolutionProperties) = preSolution
		HideSolutionNode = FALSE
	EndGlobalSection
	GlobalSection(ExtensibilityGlobals) = postSolution
		SolutionGuid = {84E5787E-D45F-4C1D-8D6F-768D12EEE79B}
	EndGlobalSection
EndGlobal
