
Microsoft Visual Studio Solution File, Format Version 12.00
# Visual Studio Version 17
VisualStudioVersion = 17.1.32407.343
MinimumVisualStudioVersion = 10.0.40219.1
Project("{FAE04EC0-301F-11D3-BF4B-00C04F79EFBC}") = "file", "file\file.csproj", "{DD398185-0F3F-43EE-9B67-226E3145112E}"
EndProject
Global
	GlobalSection(SolutionConfigurationPlatforms) = preSolution
		Debug|Any CPU = Debug|Any CPU
		Release|Any CPU = Release|Any CPU
	EndGlobalSection
	GlobalSection(ProjectConfigurationPlatforms) = postSolution
		{DD398185-0F3F-43EE-9B67-226E3145112E}.Debug|Any CPU.ActiveCfg = Debug|Any CPU
		{DD398185-0F3F-43EE-9B67-226E3145112E}.Debug|Any CPU.Build.0 = Debug|Any CPU
		{DD398185-0F3F-43EE-9B67-226E3145112E}.Release|Any CPU.ActiveCfg = Release|Any CPU
		{DD398185-0F3F-43EE-9B67-226E3145112E}.Release|Any CPU.Build.0 = Release|Any CPU
	EndGlobalSection
	GlobalSection(SolutionProperties) = preSolution
		HideSolutionNode = FALSE
	EndGlobalSection
	GlobalSection(ExtensibilityGlobals) = postSolution
		SolutionGuid = {58699521-0D84-43DE-AE18-86DE856B6CCF}
	EndGlobalSection
EndGlobal
