
Microsoft Visual Studio Solution File, Format Version 12.00
# Visual Studio Version 17
VisualStudioVersion = 17.1.32407.343
MinimumVisualStudioVersion = 10.0.40219.1
Project("{FAE04EC0-301F-11D3-BF4B-00C04F79EFBC}") = "interface", "interface\interface.csproj", "{4784DFDF-0EA9-4A66-9C1F-3CED3DE5EB97}"
EndProject
Global
	GlobalSection(SolutionConfigurationPlatforms) = preSolution
		Debug|Any CPU = Debug|Any CPU
		Release|Any CPU = Release|Any CPU
	EndGlobalSection
	GlobalSection(ProjectConfigurationPlatforms) = postSolution
		{4784DFDF-0EA9-4A66-9C1F-3CED3DE5EB97}.Debug|Any CPU.ActiveCfg = Debug|Any CPU
		{4784DFDF-0EA9-4A66-9C1F-3CED3DE5EB97}.Debug|Any CPU.Build.0 = Debug|Any CPU
		{4784DFDF-0EA9-4A66-9C1F-3CED3DE5EB97}.Release|Any CPU.ActiveCfg = Release|Any CPU
		{4784DFDF-0EA9-4A66-9C1F-3CED3DE5EB97}.Release|Any CPU.Build.0 = Release|Any CPU
	EndGlobalSection
	GlobalSection(SolutionProperties) = preSolution
		HideSolutionNode = FALSE
	EndGlobalSection
	GlobalSection(ExtensibilityGlobals) = postSolution
		SolutionGuid = {3D84930A-D6D7-4970-BA49-D468FE06095C}
	EndGlobalSection
EndGlobal
